# This file is automatically @generated by Cargo.
# It is not intended for manual editing.
version = 4

[[package]]
name = "ck3-index-jomini-oracle"
version = "0.0.0"
dependencies = [
 "jomini",
]

[[package]]
name = "jomini"
version = "0.35.0"
source = "registry+https://github.com/rust-lang/crates.io-index"
checksum = "4f4c61579587088dfada0b4aab19b4117a916964998e2bbc1f84363976145433"
